{
  "name": "get_erc721contract",
  "version": "1.0.0",
  "lockfileVersion": 1,
  "requires": true,
  "dependencies": {
    "@ethersproject/abi": {
      "version": "5.6.4",
      "resolved": "https://registry.npmjs.org/@ethersproject/abi/-/abi-5.6.4.tgz",
      "integrity": "sha512-TTeZUlCeIHG6527/2goZA6gW5F8Emoc7MrZDC7hhP84aRGvW3TEdTnZR08Ls88YXM1m2SuK42Osw/jSi3uO8gg==",
      "requires": {
        "@ethersproject/address": "^5.6.1",
        "@ethersproject/bignumber": "^5.6.2",
        "@ethersproject/bytes": "^5.6.1",
        "@ethersproject/constants": "^5.6.1",
        "@ethersproject/hash": "^5.6.1",
        "@ethersproject/keccak256": "^5.6.1",
        "@ethersproject/logger": "^5.6.0",
        "@ethersproject/properties": "^5.6.0",
        "@ethersproject/strings": "^5.6.1"
      }
    },
    "@ethersproject/abstract-provider": {
      "version": "5.6.1",
      "resolved": "https://registry.npmjs.org/@ethersproject/abstract-provider/-/abstract-provider-5.6.1.tgz",
      "integrity": "sha512-BxlIgogYJtp1FS8Muvj8YfdClk3unZH0vRMVX791Z9INBNT/kuACZ9GzaY1Y4yFq+YSy6/w4gzj3HCRKrK9hsQ==",
      "requires": {
        "@ethersproject/bignumber": "^5.6.2",
        "@ethersproject/bytes": "^5.6.1",
        "@ethersproject/logger": "^5.6.0",
        "@ethersproject/networks": "^5.6.3",
        "@ethersproject/properties": "^5.6.0",
        "@ethersproject/transactions": "^5.6.2",
        "@ethersproject/web": "^5.6.1"
      }
    },
    "@ethersproject/abstract-signer": {
      "version": "5.6.2",
      "resolved": "https://registry.npmjs.org/@ethersproject/abstract-signer/-/abstract-signer-5.6.2.tgz",
      "integrity": "sha512-n1r6lttFBG0t2vNiI3HoWaS/KdOt8xyDjzlP2cuevlWLG6EX0OwcKLyG/Kp/cuwNxdy/ous+R/DEMdTUwWQIjQ==",
      "requires": {
        "@ethersproject/abstract-provider": "^5.6.1",
        "@ethersproject/bignumber": "^5.6.2",
        "@ethersproject/bytes": "^5.6.1",
        "@ethersproject/logger": "^5.6.0",
        "@ethersproject/properties": "^5.6.0"
      }
    },
    "@ethersproject/address": {
      "version": "5.6.1",
      "resolved": "https://registry.npmjs.org/@ethersproject/address/-/address-5.6.1.tgz",
      "integrity": "sha512-uOgF0kS5MJv9ZvCz7x6T2EXJSzotiybApn4XlOgoTX0xdtyVIJ7pF+6cGPxiEq/dpBiTfMiw7Yc81JcwhSYA0Q==",
      "requires": {
        "@ethersproject/bignumber": "^5.6.2",
        "@ethersproject/bytes": "^5.6.1",
        "@ethersproject/keccak256": "^5.6.1",
        "@ethersproject/logger": "^5.6.0",
        "@ethersproject/rlp": "^5.6.1"
      }
    },
    "@ethersproject/base64": {
      "version": "5.6.1",
      "resolved": "https://registry.npmjs.org/@ethersproject/base64/-/base64-5.6.1.tgz",
      "integrity": "sha512-qB76rjop6a0RIYYMiB4Eh/8n+Hxu2NIZm8S/Q7kNo5pmZfXhHGHmS4MinUainiBC54SCyRnwzL+KZjj8zbsSsw==",
      "requires": {
        "@ethersproject/bytes": "^5.6.1"
      }
    },
    "@ethersproject/basex": {
      "version": "5.6.1",
      "resolved": "https://registry.npmjs.org/@ethersproject/basex/-/basex-5.6.1.tgz",
      "integrity": "sha512-a52MkVz4vuBXR06nvflPMotld1FJWSj2QT0985v7P/emPZO00PucFAkbcmq2vpVU7Ts7umKiSI6SppiLykVWsA==",
      "requires": {
        "@ethersproject/bytes": "^5.6.1",
        "@ethersproject/properties": "^5.6.0"
      }
    },
    "@ethersproject/bignumber": {
      "version": "5.6.2",
      "resolved": "https://registry.npmjs.org/@ethersproject/bignumber/-/bignumber-5.6.2.tgz",
      "integrity": "sha512-v7+EEUbhGqT3XJ9LMPsKvXYHFc8eHxTowFCG/HgJErmq4XHJ2WR7aeyICg3uTOAQ7Icn0GFHAohXEhxQHq4Ubw==",
      "requires": {
        "@ethersproject/bytes": "^5.6.1",
        "@ethersproject/logger": "^5.6.0",
        "bn.js": "^5.2.1"
      }
    },
    "@ethersproject/bytes": {
      "version": "5.6.1",
      "resolved": "https://registry.npmjs.org/@ethersproject/bytes/-/bytes-5.6.1.tgz",
      "integrity": "sha512-NwQt7cKn5+ZE4uDn+X5RAXLp46E1chXoaMmrxAyA0rblpxz8t58lVkrHXoRIn0lz1joQElQ8410GqhTqMOwc6g==",
      "requires": {
        "@ethersproject/logger": "^5.6.0"
      }
    },
    "@ethersproject/constants": {
      "version": "5.6.1",
      "resolved": "https://registry.npmjs.org/@ethersproject/constants/-/constants-5.6.1.tgz",
      "integrity": "sha512-QSq9WVnZbxXYFftrjSjZDUshp6/eKp6qrtdBtUCm0QxCV5z1fG/w3kdlcsjMCQuQHUnAclKoK7XpXMezhRDOLg==",
      "requires": {
        "@ethersproject/bignumber": "^5.6.2"
      }
    },
    "@ethersproject/contracts": {
      "version": "5.6.2",
      "resolved": "https://registry.npmjs.org/@ethersproject/contracts/-/contracts-5.6.2.tgz",
      "integrity": "sha512-hguUA57BIKi6WY0kHvZp6PwPlWF87MCeB4B7Z7AbUpTxfFXFdn/3b0GmjZPagIHS+3yhcBJDnuEfU4Xz+Ks/8g==",
      "requires": {
        "@ethersproject/abi": "^5.6.3",
        "@ethersproject/abstract-provider": "^5.6.1",
        "@ethersproject/abstract-signer": "^5.6.2",
        "@ethersproject/address": "^5.6.1",
        "@ethersproject/bignumber": "^5.6.2",
        "@ethersproject/bytes": "^5.6.1",
        "@ethersproject/constants": "^5.6.1",
        "@ethersproject/logger": "^5.6.0",
        "@ethersproject/properties": "^5.6.0",
        "@ethersproject/transactions": "^5.6.2"
      }
    },
    "@ethersproject/hash": {
      "version": "5.6.1",
      "resolved": "https://registry.npmjs.org/@ethersproject/hash/-/hash-5.6.1.tgz",
      "integrity": "sha512-L1xAHurbaxG8VVul4ankNX5HgQ8PNCTrnVXEiFnE9xoRnaUcgfD12tZINtDinSllxPLCtGwguQxJ5E6keE84pA==",
      "requires": {
        "@ethersproject/abstract-signer": "^5.6.2",
        "@ethersproject/address": "^5.6.1",
        "@ethersproject/bignumber": "^5.6.2",
        "@ethersproject/bytes": "^5.6.1",
        "@ethersproject/keccak256": "^5.6.1",
        "@ethersproject/logger": "^5.6.0",
        "@ethersproject/properties": "^5.6.0",
        "@ethersproject/strings": "^5.6.1"
      }
    },
    "@ethersproject/hdnode": {
      "version": "5.6.2",
      "resolved": "https://registry.npmjs.org/@ethersproject/hdnode/-/hdnode-5.6.2.tgz",
      "integrity": "sha512-tERxW8Ccf9CxW2db3WsN01Qao3wFeRsfYY9TCuhmG0xNpl2IO8wgXU3HtWIZ49gUWPggRy4Yg5axU0ACaEKf1Q==",
      "requires": {
        "@ethersproject/abstract-signer": "^5.6.2",
        "@ethersproject/basex": "^5.6.1",
        "@ethersproject/bignumber": "^5.6.2",
        "@ethersproject/bytes": "^5.6.1",
        "@ethersproject/logger": "^5.6.0",
        "@ethersproject/pbkdf2": "^5.6.1",
        "@ethersproject/properties": "^5.6.0",
        "@ethersproject/sha2": "^5.6.1",
        "@ethersproject/signing-key": "^5.6.2",
        "@ethersproject/strings": "^5.6.1",
        "@ethersproject/transactions": "^5.6.2",
        "@ethersproject/wordlists": "^5.6.1"
      }
    },
    "@ethersproject/json-wallets": {
      "version": "5.6.1",
      "resolved": "https://registry.npmjs.org/@ethersproject/json-wallets/-/json-wallets-5.6.1.tgz",
      "integrity": "sha512-KfyJ6Zwz3kGeX25nLihPwZYlDqamO6pfGKNnVMWWfEVVp42lTfCZVXXy5Ie8IZTN0HKwAngpIPi7gk4IJzgmqQ==",
      "requires": {
        "@ethersproject/abstract-signer": "^5.6.2",
        "@ethersproject/address": "^5.6.1",
        "@ethersproject/bytes": "^5.6.1",
        "@ethersproject/hdnode": "^5.6.2",
        "@ethersproject/keccak256": "^5.6.1",
        "@ethersproject/logger": "^5.6.0",
        "@ethersproject/pbkdf2": "^5.6.1",
        "@ethersproject/properties": "^5.6.0",
        "@ethersproject/random": "^5.6.1",
        "@ethersproject/strings": "^5.6.1",
        "@ethersproject/transactions": "^5.6.2",
        "aes-js": "3.0.0",
        "scrypt-js": "3.0.1"
      }
    },
    "@ethersproject/keccak256": {
      "version": "5.6.1",
      "resolved": "https://registry.npmjs.org/@ethersproject/keccak256/-/keccak256-5.6.1.tgz",
      "integrity": "sha512-bB7DQHCTRDooZZdL3lk9wpL0+XuG3XLGHLh3cePnybsO3V0rdCAOQGpn/0R3aODmnTOOkCATJiD2hnL+5bwthA==",
      "requires": {
        "@ethersproject/bytes": "^5.6.1",
        "js-sha3": "0.8.0"
      }
    },
    "@ethersproject/logger": {
      "version": "5.6.0",
      "resolved": "https://registry.npmjs.org/@ethersproject/logger/-/logger-5.6.0.tgz",
      "integrity": "sha512-BiBWllUROH9w+P21RzoxJKzqoqpkyM1pRnEKG69bulE9TSQD8SAIvTQqIMZmmCO8pUNkgLP1wndX1gKghSpBmg=="
    },
    "@ethersproject/networks": {
      "version": "5.6.4",
      "resolved": "https://registry.npmjs.org/@ethersproject/networks/-/networks-5.6.4.tgz",
      "integrity": "sha512-KShHeHPahHI2UlWdtDMn2lJETcbtaJge4k7XSjDR9h79QTd6yQJmv6Cp2ZA4JdqWnhszAOLSuJEd9C0PRw7hSQ==",
      "requires": {
        "@ethersproject/logger": "^5.6.0"
      }
    },
    "@ethersproject/pbkdf2": {
      "version": "5.6.1",
      "resolved": "https://registry.npmjs.org/@ethersproject/pbkdf2/-/pbkdf2-5.6.1.tgz",
      "integrity": "sha512-k4gRQ+D93zDRPNUfmduNKq065uadC2YjMP/CqwwX5qG6R05f47boq6pLZtV/RnC4NZAYOPH1Cyo54q0c9sshRQ==",
      "requires": {
        "@ethersproject/bytes": "^5.6.1",
        "@ethersproject/sha2": "^5.6.1"
      }
    },
    "@ethersproject/properties": {
      "version": "5.6.0",
      "resolved": "https://registry.npmjs.org/@ethersproject/properties/-/properties-5.6.0.tgz",
      "integrity": "sha512-szoOkHskajKePTJSZ46uHUWWkbv7TzP2ypdEK6jGMqJaEt2sb0jCgfBo0gH0m2HBpRixMuJ6TBRaQCF7a9DoCg==",
      "requires": {
        "@ethersproject/logger": "^5.6.0"
      }
    },
    "@ethersproject/providers": {
      "version": "5.6.8",
      "resolved": "https://registry.npmjs.org/@ethersproject/providers/-/providers-5.6.8.tgz",
      "integrity": "sha512-Wf+CseT/iOJjrGtAOf3ck9zS7AgPmr2fZ3N97r4+YXN3mBePTG2/bJ8DApl9mVwYL+RpYbNxMEkEp4mPGdwG/w==",
      "requires": {
        "@ethersproject/abstract-provider": "^5.6.1",
        "@ethersproject/abstract-signer": "^5.6.2",
        "@ethersproject/address": "^5.6.1",
        "@ethersproject/base64": "^5.6.1",
        "@ethersproject/basex": "^5.6.1",
        "@ethersproject/bignumber": "^5.6.2",
        "@ethersproject/bytes": "^5.6.1",
        "@ethersproject/constants": "^5.6.1",
        "@ethersproject/hash": "^5.6.1",
        "@ethersproject/logger": "^5.6.0",
        "@ethersproject/networks": "^5.6.3",
        "@ethersproject/properties": "^5.6.0",
        "@ethersproject/random": "^5.6.1",
        "@ethersproject/rlp": "^5.6.1",
        "@ethersproject/sha2": "^5.6.1",
        "@ethersproject/strings": "^5.6.1",
        "@ethersproject/transactions": "^5.6.2",
        "@ethersproject/web": "^5.6.1",
        "bech32": "1.1.4",
        "ws": "7.4.6"
      }
    },
    "@ethersproject/random": {
      "version": "5.6.1",
      "resolved": "https://registry.npmjs.org/@ethersproject/random/-/random-5.6.1.tgz",
      "integrity": "sha512-/wtPNHwbmng+5yi3fkipA8YBT59DdkGRoC2vWk09Dci/q5DlgnMkhIycjHlavrvrjJBkFjO/ueLyT+aUDfc4lA==",
      "requires": {
        "@ethersproject/bytes": "^5.6.1",
        "@ethersproject/logger": "^5.6.0"
      }
    },
    "@ethersproject/rlp": {
      "version": "5.6.1",
      "resolved": "https://registry.npmjs.org/@ethersproject/rlp/-/rlp-5.6.1.tgz",
      "integrity": "sha512-uYjmcZx+DKlFUk7a5/W9aQVaoEC7+1MOBgNtvNg13+RnuUwT4F0zTovC0tmay5SmRslb29V1B7Y5KCri46WhuQ==",
      "requires": {
        "@ethersproject/bytes": "^5.6.1",
        "@ethersproject/logger": "^5.6.0"
      }
    },
    "@ethersproject/sha2": {
      "version": "5.6.1",
      "resolved": "https://registry.npmjs.org/@ethersproject/sha2/-/sha2-5.6.1.tgz",
      "integrity": "sha512-5K2GyqcW7G4Yo3uenHegbXRPDgARpWUiXc6RiF7b6i/HXUoWlb7uCARh7BAHg7/qT/Q5ydofNwiZcim9qpjB6g==",
      "requires": {
        "@ethersproject/bytes": "^5.6.1",
        "@ethersproject/logger": "^5.6.0",
        "hash.js": "1.1.7"
      }
    },
    "@ethersproject/signing-key": {
      "version": "5.6.2",
      "resolved": "https://registry.npmjs.org/@ethersproject/signing-key/-/signing-key-5.6.2.tgz",
      "integrity": "sha512-jVbu0RuP7EFpw82vHcL+GP35+KaNruVAZM90GxgQnGqB6crhBqW/ozBfFvdeImtmb4qPko0uxXjn8l9jpn0cwQ==",
      "requires": {
        "@ethersproject/bytes": "^5.6.1",
        "@ethersproject/logger": "^5.6.0",
        "@ethersproject/properties": "^5.6.0",
        "bn.js": "^5.2.1",
        "elliptic": "6.5.4",
        "hash.js": "1.1.7"
      }
    },
    "@ethersproject/solidity": {
      "version": "5.6.1",
      "resolved": "https://registry.npmjs.org/@ethersproject/solidity/-/solidity-5.6.1.tgz",
      "integrity": "sha512-KWqVLkUUoLBfL1iwdzUVlkNqAUIFMpbbeH0rgCfKmJp0vFtY4AsaN91gHKo9ZZLkC4UOm3cI3BmMV4N53BOq4g==",
      "requires": {
        "@ethersproject/bignumber": "^5.6.2",
        "@ethersproject/bytes": "^5.6.1",
        "@ethersproject/keccak256": "^5.6.1",
        "@ethersproject/logger": "^5.6.0",
        "@ethersproject/sha2": "^5.6.1",
        "@ethersproject/strings": "^5.6.1"
      }
    },
    "@ethersproject/strings": {
      "version": "5.6.1",
      "resolved": "https://registry.npmjs.org/@ethersproject/strings/-/strings-5.6.1.tgz",
      "integrity": "sha512-2X1Lgk6Jyfg26MUnsHiT456U9ijxKUybz8IM1Vih+NJxYtXhmvKBcHOmvGqpFSVJ0nQ4ZCoIViR8XlRw1v/+Cw==",
      "requires": {
        "@ethersproject/bytes": "^5.6.1",
        "@ethersproject/constants": "^5.6.1",
        "@ethersproject/logger": "^5.6.0"
      }
    },
    "@ethersproject/transactions": {
      "version": "5.6.2",
      "resolved": "https://registry.npmjs.org/@ethersproject/transactions/-/transactions-5.6.2.tgz",
      "integrity": "sha512-BuV63IRPHmJvthNkkt9G70Ullx6AcM+SDc+a8Aw/8Yew6YwT51TcBKEp1P4oOQ/bP25I18JJr7rcFRgFtU9B2Q==",
      "requires": {
        "@ethersproject/address": "^5.6.1",
        "@ethersproject/bignumber": "^5.6.2",
        "@ethersproject/bytes": "^5.6.1",
        "@ethersproject/constants": "^5.6.1",
        "@ethersproject/keccak256": "^5.6.1",
        "@ethersproject/logger": "^5.6.0",
        "@ethersproject/properties": "^5.6.0",
        "@ethersproject/rlp": "^5.6.1",
        "@ethersproject/signing-key": "^5.6.2"
      }
    },
    "@ethersproject/units": {
      "version": "5.6.1",
      "resolved": "https://registry.npmjs.org/@ethersproject/units/-/units-5.6.1.tgz",
      "integrity": "sha512-rEfSEvMQ7obcx3KWD5EWWx77gqv54K6BKiZzKxkQJqtpriVsICrktIQmKl8ReNToPeIYPnFHpXvKpi068YFZXw==",
      "requires": {
        "@ethersproject/bignumber": "^5.6.2",
        "@ethersproject/constants": "^5.6.1",
        "@ethersproject/logger": "^5.6.0"
      }
    },
    "@ethersproject/wallet": {
      "version": "5.6.2",
      "resolved": "https://registry.npmjs.org/@ethersproject/wallet/-/wallet-5.6.2.tgz",
      "integrity": "sha512-lrgh0FDQPuOnHcF80Q3gHYsSUODp6aJLAdDmDV0xKCN/T7D99ta1jGVhulg3PY8wiXEngD0DfM0I2XKXlrqJfg==",
      "requires": {
        "@ethersproject/abstract-provider": "^5.6.1",
        "@ethersproject/abstract-signer": "^5.6.2",
        "@ethersproject/address": "^5.6.1",
        "@ethersproject/bignumber": "^5.6.2",
        "@ethersproject/bytes": "^5.6.1",
        "@ethersproject/hash": "^5.6.1",
        "@ethersproject/hdnode": "^5.6.2",
        "@ethersproject/json-wallets": "^5.6.1",
        "@ethersproject/keccak256": "^5.6.1",
        "@ethersproject/logger": "^5.6.0",
        "@ethersproject/properties": "^5.6.0",
        "@ethersproject/random": "^5.6.1",
        "@ethersproject/signing-key": "^5.6.2",
        "@ethersproject/transactions": "^5.6.2",
        "@ethersproject/wordlists": "^5.6.1"
      }
    },
    "@ethersproject/web": {
      "version": "5.6.1",
      "resolved": "https://registry.npmjs.org/@ethersproject/web/-/web-5.6.1.tgz",
      "integrity": "sha512-/vSyzaQlNXkO1WV+RneYKqCJwualcUdx/Z3gseVovZP0wIlOFcCE1hkRhKBH8ImKbGQbMl9EAAyJFrJu7V0aqA==",
      "requires": {
        "@ethersproject/base64": "^5.6.1",
        "@ethersproject/bytes": "^5.6.1",
        "@ethersproject/logger": "^5.6.0",
        "@ethersproject/properties": "^5.6.0",
        "@ethersproject/strings": "^5.6.1"
      }
    },
    "@ethersproject/wordlists": {
      "version": "5.6.1",
      "resolved": "https://registry.npmjs.org/@ethersproject/wordlists/-/wordlists-5.6.1.tgz",
      "integrity": "sha512-wiPRgBpNbNwCQFoCr8bcWO8o5I810cqO6mkdtKfLKFlLxeCWcnzDi4Alu8iyNzlhYuS9npCwivMbRWF19dyblw==",
      "requires": {
        "@ethersproject/bytes": "^5.6.1",
        "@ethersproject/hash": "^5.6.1",
        "@ethersproject/logger": "^5.6.0",
        "@ethersproject/properties": "^5.6.0",
        "@ethersproject/strings": "^5.6.1"
      }
    },
    "abbrev": {
      "version": "1.1.1",
      "resolved": "https://registry.npmjs.org/abbrev/-/abbrev-1.1.1.tgz",
      "integrity": "sha512-nne9/IiQ/hzIhY6pdDnbBtz7DjPTKrY00P/zvPSm5pOFkl6xuGrGnXn/VtTNNfNtAfZ9/1RtehkszU9qcTii0Q=="
    },
    "aes-js": {
      "version": "3.0.0",
      "resolved": "https://registry.npmjs.org/aes-js/-/aes-js-3.0.0.tgz",
      "integrity": "sha512-H7wUZRn8WpTq9jocdxQ2c8x2sKo9ZVmzfRE13GiNJXfp7NcKYEdvl3vspKjXox6RIG2VtaRe4JFvxG4rqp2Zuw=="
    },
    "anymatch": {
      "version": "3.1.2",
      "resolved": "https://registry.npmjs.org/anymatch/-/anymatch-3.1.2.tgz",
      "integrity": "sha512-P43ePfOAIupkguHUycrc4qJ9kz8ZiuOUijaETwX7THt0Y/GNK7v0aa8rY816xWjZ7rJdA5XdMcpVFTKMq+RvWg==",
      "requires": {
        "normalize-path": "^3.0.0",
        "picomatch": "^2.0.4"
      }
    },
    "balanced-match": {
      "version": "1.0.2",
      "resolved": "https://registry.npmjs.org/balanced-match/-/balanced-match-1.0.2.tgz",
      "integrity": "sha512-3oSeUO0TMV67hN1AmbXsK4yaqU7tjiHlbxRDZOpH0KW9+CeX4bRAaX0Anxt0tx2MrpRpWwQaPwIlISEJhYU5Pw=="
    },
    "bech32": {
      "version": "1.1.4",
      "resolved": "https://registry.npmjs.org/bech32/-/bech32-1.1.4.tgz",
      "integrity": "sha512-s0IrSOzLlbvX7yp4WBfPITzpAU8sqQcpsmwXDiKwrG4r491vwCO/XpejasRNl0piBMe/DvP4Tz0mIS/X1DPJBQ=="
    },
    "binary-extensions": {
      "version": "2.2.0",
      "resolved": "https://registry.npmjs.org/binary-extensions/-/binary-extensions-2.2.0.tgz",
      "integrity": "sha512-jDctJ/IVQbZoJykoeHbhXpOlNBqGNcwXJKJog42E5HDPUwQTSdjCHdihjj0DlnheQ7blbT6dHOafNAiS8ooQKA=="
    },
    "bn.js": {
      "version": "5.2.1",
      "resolved": "https://registry.npmjs.org/bn.js/-/bn.js-5.2.1.tgz",
      "integrity": "sha512-eXRvHzWyYPBuB4NBy0cmYQjGitUrtqwbvlzP3G6VFnNRbsZQIxQ10PbKKHt8gZ/HW/D/747aDl+QkDqg3KQLMQ=="
    },
    "brace-expansion": {
      "version": "1.1.11",
      "resolved": "https://registry.npmjs.org/brace-expansion/-/brace-expansion-1.1.11.tgz",
      "integrity": "sha512-iCuPHDFgrHX7H2vEI/5xpz07zSHB00TpugqhmYtVmMO6518mCuRMoOYFldEBl0g187ufozdaHgWKcYFb61qGiA==",
      "requires": {
        "balanced-match": "^1.0.0",
        "concat-map": "0.0.1"
      }
    },
    "braces": {
      "version": "3.0.2",
      "resolved": "https://registry.npmjs.org/braces/-/braces-3.0.2.tgz",
      "integrity": "sha512-b8um+L1RzM3WDSzvhm6gIz1yfTbBt6YTlcEKAvsmqCZZFw46z626lVj9j1yEPW33H5H+lBQpZMP1k8l+78Ha0A==",
      "requires": {
        "fill-range": "^7.0.1"
      }
    },
    "brorand": {
      "version": "1.1.0",
      "resolved": "https://registry.npmjs.org/brorand/-/brorand-1.1.0.tgz",
      "integrity": "sha512-cKV8tMCEpQs4hK/ik71d6LrPOnpkpGBR0wzxqr68g2m/LB2GxVYQroAjMJZRVM1Y4BCjCKc3vAamxSzOY2RP+w=="
    },
    "buffer-shims": {
      "version": "1.0.0",
      "resolved": "https://registry.npmjs.org/buffer-shims/-/buffer-shims-1.0.0.tgz",
      "integrity": "sha512-Zy8ZXMyxIT6RMTeY7OP/bDndfj6bwCan7SS98CEndS6deHwWPpseeHlwarNcBim+etXnF9HBc1non5JgDaJU1g=="
    },
    "chokidar": {
      "version": "3.5.3",
      "resolved": "https://registry.npmjs.org/chokidar/-/chokidar-3.5.3.tgz",
      "integrity": "sha512-Dr3sfKRP6oTcjf2JmUmFJfeVMvXBdegxB0iVQ5eb2V10uFJUCAS8OByZdVAyVb8xXNz3GjjTgj9kLWsZTqE6kw==",
      "requires": {
        "anymatch": "~3.1.2",
        "braces": "~3.0.2",
        "fsevents": "~2.3.2",
        "glob-parent": "~5.1.2",
        "is-binary-path": "~2.1.0",
        "is-glob": "~4.0.1",
        "normalize-path": "~3.0.0",
        "readdirp": "~3.6.0"
      }
    },
    "concat-map": {
      "version": "0.0.1",
      "resolved": "https://registry.npmjs.org/concat-map/-/concat-map-0.0.1.tgz",
      "integrity": "sha512-/Srv4dswyQNBfohGpz9o6Yb3Gz3SrUDqBH5rTuhGR7ahtlbYKnVxw2bCFMRljaA7EXHaXZ8wsHdodFvbkhKmqg=="
    },
    "core-util-is": {
      "version": "1.0.3",
      "resolved": "https://registry.npmjs.org/core-util-is/-/core-util-is-1.0.3.tgz",
      "integrity": "sha512-ZQBvi1DcpJ4GDqanjucZ2Hj3wEO5pZDS89BWbkcrvdxksJorwUDDZamX9ldFkp9aw2lmBDLgkObEA4DWNJ9FYQ=="
    },
    "debug": {
      "version": "3.2.7",
      "resolved": "https://registry.npmjs.org/debug/-/debug-3.2.7.tgz",
      "integrity": "sha512-CFjzYYAi4ThfiQvizrFQevTTXHtnCqWfe7x1AhgEscTz6ZbLbfoLRLPugTQyBth6f8ZERVUSyWHFD/7Wu4t1XQ==",
      "requires": {
        "ms": "^2.1.1"
      }
    },
    "dotenv": {
      "version": "16.0.1",
      "resolved": "https://registry.npmjs.org/dotenv/-/dotenv-16.0.1.tgz",
      "integrity": "sha512-1K6hR6wtk2FviQ4kEiSjFiH5rpzEVi8WW0x96aztHVMhEspNpc4DVOUTEHtEva5VThQ8IaBX1Pe4gSzpVVUsKQ=="
    },
    "elliptic": {
      "version": "6.5.4",
      "resolved": "https://registry.npmjs.org/elliptic/-/elliptic-6.5.4.tgz",
      "integrity": "sha512-iLhC6ULemrljPZb+QutR5TQGB+pdW6KGD5RSegS+8sorOZT+rdQFbsQFJgvN3eRqNALqJer4oQ16YvJHlU8hzQ==",
      "requires": {
        "bn.js": "^4.11.9",
        "brorand": "^1.1.0",
        "hash.js": "^1.0.0",
        "hmac-drbg": "^1.0.1",
        "inherits": "^2.0.4",
        "minimalistic-assert": "^1.0.1",
        "minimalistic-crypto-utils": "^1.0.1"
      },
      "dependencies": {
        "bn.js": {
          "version": "4.12.0",
          "resolved": "https://registry.npmjs.org/bn.js/-/bn.js-4.12.0.tgz",
          "integrity": "sha512-c98Bf3tPniI+scsdk237ku1Dc3ujXQTSgyiPUDEOe7tRkhrqridvh8klBv0HCEso1OLOYcHuCv/cS6DNxKH+ZA=="
        }
      }
    },
    "emitter-component": {
      "version": "1.1.1",
      "resolved": "https://registry.npmjs.org/emitter-component/-/emitter-component-1.1.1.tgz",
      "integrity": "sha512-G+mpdiAySMuB7kesVRLuyvYRqDmshB7ReKEVuyBPkzQlmiDiLrt7hHHIy4Aff552bgknVN7B2/d3lzhGO5dvpQ=="
    },
    "ethers": {
      "version": "5.6.9",
      "resolved": "https://registry.npmjs.org/ethers/-/ethers-5.6.9.tgz",
      "integrity": "sha512-lMGC2zv9HC5EC+8r429WaWu3uWJUCgUCt8xxKCFqkrFuBDZXDYIdzDUECxzjf2BMF8IVBByY1EBoGSL3RTm8RA==",
      "requires": {
        "@ethersproject/abi": "5.6.4",
        "@ethersproject/abstract-provider": "5.6.1",
        "@ethersproject/abstract-signer": "5.6.2",
        "@ethersproject/address": "5.6.1",
        "@ethersproject/base64": "5.6.1",
        "@ethersproject/basex": "5.6.1",
        "@ethersproject/bignumber": "5.6.2",
        "@ethersproject/bytes": "5.6.1",
        "@ethersproject/constants": "5.6.1",
        "@ethersproject/contracts": "5.6.2",
        "@ethersproject/hash": "5.6.1",
        "@ethersproject/hdnode": "5.6.2",
        "@ethersproject/json-wallets": "5.6.1",
        "@ethersproject/keccak256": "5.6.1",
        "@ethersproject/logger": "5.6.0",
        "@ethersproject/networks": "5.6.4",
        "@ethersproject/pbkdf2": "5.6.1",
        "@ethersproject/properties": "5.6.0",
        "@ethersproject/providers": "5.6.8",
        "@ethersproject/random": "5.6.1",
        "@ethersproject/rlp": "5.6.1",
        "@ethersproject/sha2": "5.6.1",
        "@ethersproject/signing-key": "5.6.2",
        "@ethersproject/solidity": "5.6.1",
        "@ethersproject/strings": "5.6.1",
        "@ethersproject/transactions": "5.6.2",
        "@ethersproject/units": "5.6.1",
        "@ethersproject/wallet": "5.6.2",
        "@ethersproject/web": "5.6.1",
        "@ethersproject/wordlists": "5.6.1"
      }
    },
    "fill-range": {
      "version": "7.0.1",
      "resolved": "https://registry.npmjs.org/fill-range/-/fill-range-7.0.1.tgz",
      "integrity": "sha512-qOo9F+dMUmC2Lcb4BbVvnKJxTPjCm+RRpe4gDuGrzkL7mEVl/djYSu2OdQ2Pa302N4oqkSg9ir6jaLWJ2USVpQ==",
      "requires": {
        "to-regex-range": "^5.0.1"
      }
    },
    "fsevents": {
      "version": "2.3.2",
      "resolved": "https://registry.npmjs.org/fsevents/-/fsevents-2.3.2.tgz",
      "integrity": "sha512-xiqMQR4xAeHTuB9uWm+fFRcIOgKBMiOBP+eXiyT7jsgVCq1bkVygt00oASowB7EdtpOHaaPgKt812P9ab+DDKA==",
      "optional": true
    },
    "glob-parent": {
      "version": "5.1.2",
      "resolved": "https://registry.npmjs.org/glob-parent/-/glob-parent-5.1.2.tgz",
      "integrity": "sha512-AOIgSQCepiJYwP3ARnGx+5VnTu2HBYdzbGP45eLw1vr3zB3vZLeyed1sC9hnbcOc9/SrMyM5RPQrkGz4aS9Zow==",
      "requires": {
        "is-glob": "^4.0.1"
      }
    },
    "has-flag": {
      "version": "3.0.0",
      "resolved": "https://registry.npmjs.org/has-flag/-/has-flag-3.0.0.tgz",
      "integrity": "sha512-sKJf1+ceQBr4SMkvQnBDNDtf4TXpVhVGateu0t918bl30FnbE2m4vNLX+VWe/dpjlb+HugGYzW7uQXH98HPEYw=="
    },
    "hash.js": {
      "version": "1.1.7",
      "resolved": "https://registry.npmjs.org/hash.js/-/hash.js-1.1.7.tgz",
      "integrity": "sha512-taOaskGt4z4SOANNseOviYDvjEJinIkRgmp7LbKP2YTTmVxWBl87s/uzK9r+44BclBSp2X7K1hqeNfz9JbBeXA==",
      "requires": {
        "inherits": "^2.0.3",
        "minimalistic-assert": "^1.0.1"
      }
    },
    "hmac-drbg": {
      "version": "1.0.1",
      "resolved": "https://registry.npmjs.org/hmac-drbg/-/hmac-drbg-1.0.1.tgz",
      "integrity": "sha512-Tti3gMqLdZfhOQY1Mzf/AanLiqh1WTiJgEj26ZuYQ9fbkLomzGchCws4FyrSd4VkpBfiNhaE1On+lOz894jvXg==",
      "requires": {
        "hash.js": "^1.0.3",
        "minimalistic-assert": "^1.0.0",
        "minimalistic-crypto-utils": "^1.0.1"
      }
    },
    "ignore-by-default": {
      "version": "1.0.1",
      "resolved": "https://registry.npmjs.org/ignore-by-default/-/ignore-by-default-1.0.1.tgz",
      "integrity": "sha512-Ius2VYcGNk7T90CppJqcIkS5ooHUZyIQK+ClZfMfMNFEF9VSE73Fq+906u/CWu92x4gzZMWOwfFYckPObzdEbA=="
    },
    "inherits": {
      "version": "2.0.4",
      "resolved": "https://registry.npmjs.org/inherits/-/inherits-2.0.4.tgz",
      "integrity": "sha512-k/vGaX4/Yla3WzyMCvTQOXYeIHvqOKtnqBduzTHpzpQZzAskKMhZ2K+EnBiSM9zGSoIFeMpXKxa4dYeZIQqewQ=="
    },
    "is-binary-path": {
      "version": "2.1.0",
      "resolved": "https://registry.npmjs.org/is-binary-path/-/is-binary-path-2.1.0.tgz",
      "integrity": "sha512-ZMERYes6pDydyuGidse7OsHxtbI7WVeUEozgR/g7rd0xUimYNlvZRE/K2MgZTjWy725IfelLeVcEM97mmtRGXw==",
      "requires": {
        "binary-extensions": "^2.0.0"
      }
    },
    "is-extglob": {
      "version": "2.1.1",
      "resolved": "https://registry.npmjs.org/is-extglob/-/is-extglob-2.1.1.tgz",
      "integrity": "sha512-SbKbANkN603Vi4jEZv49LeVJMn4yGwsbzZworEoyEiutsN3nJYdbO36zfhGJ6QEDpOZIFkDtnq5JRxmvl3jsoQ=="
    },
    "is-glob": {
      "version": "4.0.3",
      "resolved": "https://registry.npmjs.org/is-glob/-/is-glob-4.0.3.tgz",
      "integrity": "sha512-xelSayHH36ZgE7ZWhli7pW34hNbNl8Ojv5KVmkJD4hBdD3th8Tfk9vYasLM+mXWOZhFkgZfxhLSnrwRr4elSSg==",
      "requires": {
        "is-extglob": "^2.1.1"
      }
    },
    "is-number": {
      "version": "7.0.0",
      "resolved": "https://registry.npmjs.org/is-number/-/is-number-7.0.0.tgz",
      "integrity": "sha512-41Cifkg6e8TylSpdtTpeLVMqvSBEVzTttHvERD741+pnZ8ANv0004MRL43QKPDlK9cGvNp6NZWZUBlbGXYxxng=="
    },
    "isarray": {
      "version": "1.0.0",
      "resolved": "https://registry.npmjs.org/isarray/-/isarray-1.0.0.tgz",
      "integrity": "sha512-VLghIWNM6ELQzo7zwmcg0NmTVyWKYjvIeM83yjp0wRDTmUnrM678fQbcKBo6n2CJEF0szoG//ytg+TKla89ALQ=="
    },
    "js-sha3": {
      "version": "0.8.0",
      "resolved": "https://registry.npmjs.org/js-sha3/-/js-sha3-0.8.0.tgz",
      "integrity": "sha512-gF1cRrHhIzNfToc802P800N8PpXS+evLLXfsVpowqmAFR9uwbi89WvXg2QspOmXL8QL86J4T1EpFu+yUkwJY3Q=="
    },
    "minimalistic-assert": {
      "version": "1.0.1",
      "resolved": "https://registry.npmjs.org/minimalistic-assert/-/minimalistic-assert-1.0.1.tgz",
      "integrity": "sha512-UtJcAD4yEaGtjPezWuO9wC4nwUnVH/8/Im3yEHQP4b67cXlD/Qr9hdITCU1xDbSEXg2XKNaP8jsReV7vQd00/A=="
    },
    "minimalistic-crypto-utils": {
      "version": "1.0.1",
      "resolved": "https://registry.npmjs.org/minimalistic-crypto-utils/-/minimalistic-crypto-utils-1.0.1.tgz",
      "integrity": "sha512-JIYlbt6g8i5jKfJ3xz7rF0LXmv2TkDxBLUkiBeZ7bAx4GnnNMr8xFpGnOxn6GhTEHx3SjRrZEoU+j04prX1ktg=="
    },
    "minimatch": {
      "version": "3.1.2",
      "resolved": "https://registry.npmjs.org/minimatch/-/minimatch-3.1.2.tgz",
      "integrity": "sha512-J7p63hRiAjw1NDEww1W7i37+ByIrOWO5XQQAzZ3VOcL0PNybwpfmV/N05zFAzwQ9USyEcX6t3UO+K5aqBQOIHw==",
      "requires": {
        "brace-expansion": "^1.1.7"
      }
    },
    "ms": {
      "version": "2.1.3",
      "resolved": "https://registry.npmjs.org/ms/-/ms-2.1.3.tgz",
      "integrity": "sha512-6FlzubTLZG3J2a/NVCAleEhjzq5oxgHyaCU9yYXvcLsvoVaHJq/s5xXI6/XXP6tz7R9xAOtHnSO/tXtF3WRTlA=="
    },
    "nodemon": {
      "version": "2.0.19",
      "resolved": "https://registry.npmjs.org/nodemon/-/nodemon-2.0.19.tgz",
      "integrity": "sha512-4pv1f2bMDj0Eeg/MhGqxrtveeQ5/G/UVe9iO6uTZzjnRluSA4PVWf8CW99LUPwGB3eNIA7zUFoP77YuI7hOc0A==",
      "requires": {
        "chokidar": "^3.5.2",
        "debug": "^3.2.7",
        "ignore-by-default": "^1.0.1",
        "minimatch": "^3.0.4",
        "pstree.remy": "^1.1.8",
        "semver": "^5.7.1",
        "simple-update-notifier": "^1.0.7",
        "supports-color": "^5.5.0",
        "touch": "^3.1.0",
        "undefsafe": "^2.0.5"
      }
    },
    "nopt": {
      "version": "1.0.10",
      "resolved": "https://registry.npmjs.org/nopt/-/nopt-1.0.10.tgz",
      "integrity": "sha512-NWmpvLSqUrgrAC9HCuxEvb+PSloHpqVu+FqcO4eeF2h5qYRhA7ev6KvelyQAKtegUbC6RypJnlEOhd8vloNKYg==",
      "requires": {
        "abbrev": "1"
      }
    },
    "normalize-path": {
      "version": "3.0.0",
      "resolved": "https://registry.npmjs.org/normalize-path/-/normalize-path-3.0.0.tgz",
      "integrity": "sha512-6eZs5Ls3WtCisHWp9S2GUy8dqkpGi4BVSz3GaqiE6ezub0512ESztXUwUB6C6IKbQkY2Pnb/mD4WYojCRwcwLA=="
    },
    "picomatch": {
      "version": "2.3.1",
      "resolved": "https://registry.npmjs.org/picomatch/-/picomatch-2.3.1.tgz",
      "integrity": "sha512-JU3teHTNjmE2VCGFzuY8EXzCDVwEqB2a8fsIvwaStHhAWJEeVd1o1QD80CU6+ZdEXXSLbSsuLwJjkCBWqRQUVA=="
    },
    "process-nextick-args": {
      "version": "1.0.7",
      "resolved": "https://registry.npmjs.org/process-nextick-args/-/process-nextick-args-1.0.7.tgz",
      "integrity": "sha512-yN0WQmuCX63LP/TMvAg31nvT6m4vDqJEiiv2CAZqWOGNWutc9DfDk1NPYYmKUFmaVM2UwDowH4u5AHWYP/jxKw=="
    },
    "pstree.remy": {
      "version": "1.1.8",
      "resolved": "https://registry.npmjs.org/pstree.remy/-/pstree.remy-1.1.8.tgz",
      "integrity": "sha512-77DZwxQmxKnu3aR542U+X8FypNzbfJ+C5XQDk3uWjWxn6151aIMGthWYRXTqT1E5oJvg+ljaa2OJi+VfvCOQ8w=="
    },
    "readable-stream": {
      "version": "2.1.5",
      "resolved": "https://registry.npmjs.org/readable-stream/-/readable-stream-2.1.5.tgz",
      "integrity": "sha512-NkXT2AER7VKXeXtJNSaWLpWIhmtSE3K2PguaLEeWr4JILghcIKqoLt1A3wHrnpDC5+ekf8gfk1GKWkFXe4odMw==",
      "requires": {
        "buffer-shims": "^1.0.0",
        "core-util-is": "~1.0.0",
        "inherits": "~2.0.1",
        "isarray": "~1.0.0",
        "process-nextick-args": "~1.0.6",
        "string_decoder": "~0.10.x",
        "util-deprecate": "~1.0.1"
      }
    },
    "readdirp": {
      "version": "3.6.0",
      "resolved": "https://registry.npmjs.org/readdirp/-/readdirp-3.6.0.tgz",
      "integrity": "sha512-hOS089on8RduqdbhvQ5Z37A0ESjsqz6qnRcffsMU3495FuTdqSm+7bhJ29JvIOsBDEEnan5DPu9t3To9VRlMzA==",
      "requires": {
        "picomatch": "^2.2.1"
      }
    },
    "readline": {
      "version": "1.3.0",
      "resolved": "https://registry.npmjs.org/readline/-/readline-1.3.0.tgz",
      "integrity": "sha512-k2d6ACCkiNYz222Fs/iNze30rRJ1iIicW7JuX/7/cozvih6YCkFZH+J6mAFDVgv0dRBaAyr4jDqC95R2y4IADg=="
    },
    "scrypt-js": {
      "version": "3.0.1",
      "resolved": "https://registry.npmjs.org/scrypt-js/-/scrypt-js-3.0.1.tgz",
      "integrity": "sha512-cdwTTnqPu0Hyvf5in5asVdZocVDTNRmR7XEcJuIzMjJeSHybHl7vpB66AzwTaIg6CLSbtjcxc8fqcySfnTkccA=="
    },
    "semver": {
      "version": "5.7.1",
      "resolved": "https://registry.npmjs.org/semver/-/semver-5.7.1.tgz",
      "integrity": "sha512-sauaDf/PZdVgrLTNYHRtpXa1iRiKcaebiKQ1BJdpQlWH2lCvexQdX55snPFyK7QzpudqbCI0qXFfOasHdyNDGQ=="
    },
    "simple-update-notifier": {
      "version": "1.0.7",
      "resolved": "https://registry.npmjs.org/simple-update-notifier/-/simple-update-notifier-1.0.7.tgz",
      "integrity": "sha512-BBKgR84BJQJm6WjWFMHgLVuo61FBDSj1z/xSFUIozqO6wO7ii0JxCqlIud7Enr/+LhlbNI0whErq96P2qHNWew==",
      "requires": {
        "semver": "~7.0.0"
      },
      "dependencies": {
        "semver": {
          "version": "7.0.0",
          "resolved": "https://registry.npmjs.org/semver/-/semver-7.0.0.tgz",
          "integrity": "sha512-+GB6zVA9LWh6zovYQLALHwv5rb2PHGlJi3lfiqIHxR0uuwCgefcOJc59v9fv1w8GbStwxuuqqAjI9NMAOOgq1A=="
        }
      }
    },
    "stream": {
      "version": "0.0.2",
      "resolved": "https://registry.npmjs.org/stream/-/stream-0.0.2.tgz",
      "integrity": "sha512-gCq3NDI2P35B2n6t76YJuOp7d6cN/C7Rt0577l91wllh0sY9ZBuw9KaSGqH/b0hzn3CWWJbpbW0W0WvQ1H/Q7g==",
      "requires": {
        "emitter-component": "^1.1.1"
      }
    },
    "stream-array": {
      "version": "1.1.2",
      "resolved": "https://registry.npmjs.org/stream-array/-/stream-array-1.1.2.tgz",
      "integrity": "sha512-1yWdVsMEm/btiMa2YyHiC3mDrtAqlmNNaDRylx2F7KHhm3C4tA6kSR2V9mpeMthv+ujvbl8Kamyh5xaHHdFvyQ==",
      "requires": {
        "readable-stream": "~2.1.0"
      }
    },
    "string_decoder": {
      "version": "0.10.31",
      "resolved": "https://registry.npmjs.org/string_decoder/-/string_decoder-0.10.31.tgz",
      "integrity": "sha512-ev2QzSzWPYmy9GuqfIVildA4OdcGLeFZQrq5ys6RtiuF+RQQiZWr8TZNyAcuVXyQRYfEO+MsoB/1BuQVhOJuoQ=="
    },
    "supports-color": {
      "version": "5.5.0",
      "resolved": "https://registry.npmjs.org/supports-color/-/supports-color-5.5.0.tgz",
      "integrity": "sha512-QjVjwdXIt408MIiAqCX4oUKsgU2EqAGzs2Ppkm4aQYbjm+ZEWEcW4SfFNTr4uMNZma0ey4f5lgLrkB0aX0QMow==",
      "requires": {
        "has-flag": "^3.0.0"
      }
    },
    "to-regex-range": {
      "version": "5.0.1",
      "resolved": "https://registry.npmjs.org/to-regex-range/-/to-regex-range-5.0.1.tgz",
      "integrity": "sha512-65P7iz6X5yEr1cwcgvQxbbIw7Uk3gOy5dIdtZ4rDveLqhrdJP+Li/Hx6tyK0NEb+2GCyneCMJiGqrADCSNk8sQ==",
      "requires": {
        "is-number": "^7.0.0"
      }
    },
    "touch": {
      "version": "3.1.0",
      "resolved": "https://registry.npmjs.org/touch/-/touch-3.1.0.tgz",
      "integrity": "sha512-WBx8Uy5TLtOSRtIq+M03/sKDrXCLHxwDcquSP2c43Le03/9serjQBIztjRz6FkJez9D/hleyAXTBGLwwZUw9lA==",
      "requires": {
        "nopt": "~1.0.10"
      }
    },
    "undefsafe": {
      "version": "2.0.5",
      "resolved": "https://registry.npmjs.org/undefsafe/-/undefsafe-2.0.5.tgz",
      "integrity": "sha512-WxONCrssBM8TSPRqN5EmsjVrsv4A8X12J4ArBiiayv3DyyG3ZlIg6yysuuSYdZsVz3TKcTg2fd//Ujd4CHV1iA=="
    },
    "util-deprecate": {
      "version": "1.0.2",
      "resolved": "https://registry.npmjs.org/util-deprecate/-/util-deprecate-1.0.2.tgz",
      "integrity": "sha512-EPD5q1uXyFxJpCrLnCc1nHnq3gOa6DZBocAIiI2TaSCA7VCJ1UJDMagCzIkXNsUYfD1daK//LTEQ8xiIbrHtcw=="
    },
    "ws": {
      "version": "7.4.6",
      "resolved": "https://registry.npmjs.org/ws/-/ws-7.4.6.tgz",
      "integrity": "sha512-YmhHDO4MzaDLB+M9ym/mDA5z0naX8j7SIlT8f8z+I0VtzsRbekxEutHSme7NPS2qE8StCYQNUnfWdXta/Yu85A=="
    }
  }
}
